
Microsoft Visual Studio Solution File, Format Version 12.00
# Visual Studio 14
VisualStudioVersion = 14.0.25420.1
MinimumVisualStudioVersion = 10.0.40219.1
Project("{FAE04EC0-301F-11D3-BF4B-00C04F79EFBC}") = "Glossary_Admin", "Glossary_Admin.csproj", "{CE11099B-A885-4D28-AAB2-80A5284B739D}"
EndProject
Project("{FAE04EC0-301F-11D3-BF4B-00C04F79EFBC}") = "FileLogic", "..\FileLogic\FileLogic.csproj", "{3759E420-AD52-4D28-BE3D-C70025553E0D}"
EndProject
Global
	GlobalSection(SolutionConfigurationPlatforms) = preSolution
		Debug|Any CPU = Debug|Any CPU
		Release|Any CPU = Release|Any CPU
	EndGlobalSection
	GlobalSection(ProjectConfigurationPlatforms) = postSolution
		{CE11099B-A885-4D28-AAB2-80A5284B739D}.Debug|Any CPU.ActiveCfg = Debug|Any CPU
		{CE11099B-A885-4D28-AAB2-80A5284B739D}.Debug|Any CPU.Build.0 = Debug|Any CPU
		{CE11099B-A885-4D28-AAB2-80A5284B739D}.Release|Any CPU.ActiveCfg = Release|Any CPU
		{CE11099B-A885-4D28-AAB2-80A5284B739D}.Release|Any CPU.Build.0 = Release|Any CPU
		{3759E420-AD52-4D28-BE3D-C70025553E0D}.Debug|Any CPU.ActiveCfg = Debug|Any CPU
		{3759E420-AD52-4D28-BE3D-C70025553E0D}.Debug|Any CPU.Build.0 = Debug|Any CPU
		{3759E420-AD52-4D28-BE3D-C70025553E0D}.Release|Any CPU.ActiveCfg = Release|Any CPU
		{3759E420-AD52-4D28-BE3D-C70025553E0D}.Release|Any CPU.Build.0 = Release|Any CPU
	EndGlobalSection
	GlobalSection(SolutionProperties) = preSolution
		HideSolutionNode = FALSE
	EndGlobalSection
	GlobalSection(TeamFoundationVersionControl) = preSolution
		SccNumberOfProjects = 3
		SccEnterpriseProvider = {4CA58AB2-18FA-4F8D-95D4-32DDF27D184C}
		SccTeamFoundationServer = https://glossary.visualstudio.com/
		SccLocalPath0 = .
		SccProjectUniqueName1 = Glossary_Admin.csproj
		SccLocalPath1 = .
		SccProjectUniqueName2 = ..\\FileLogic\\FileLogic.csproj
		SccProjectName2 = ../FileLogic
		SccLocalPath2 = ..\\FileLogic
	EndGlobalSection
EndGlobal
